PODS:
  - Alamofire (4.8.0)
  - Kingfisher (4.10.1)
  - StreamingKit (0.1.30)

DEPENDENCIES:
  - Alamofire (~> 4.7)
  - Kingfisher (~> 4.0)
  - StreamingKit

SPEC REPOS:
  https://github.com/cocoapods/specs.git:
    - Alamofire
    - Kingfisher
    - StreamingKit

SPEC CHECKSUMS:
  Alamofire: 3ec537f71edc9804815215393ae2b1a8ea33a844
  Kingfisher: c148cd7b47ebde9989f6bc7c27dcaa79d81279a0
  StreamingKit: 70ca8608c206864b4d54a577eacb3c8bf7c72209

PODFILE CHECKSUM: b5697d914064e4a57fa69146f22dcabba5dd4eac

COCOAPODS: 1.6.0.beta.2
